{
  "name": "@shieldsbetter/parse-if-match",
  "version": "0.0.1",
  "lockfileVersion": 1,
  "requires": true,
  "dependencies": {
    "deepequal": {
      "version": "0.0.1",
      "resolved": "https://registry.npmjs.org/deepequal/-/deepequal-0.0.1.tgz",
      "integrity": "sha1-dngP3oB+g3FAgZr8FYiFBPts+HU=",
      "dev": true,
      "requires": {
        "fast-apply": "*",
        "is-args": "*"
      }
    },
    "fast-apply": {
      "version": "0.0.3",
      "resolved": "https://registry.npmjs.org/fast-apply/-/fast-apply-0.0.3.tgz",
      "integrity": "sha1-d5G7P392twZMC3O8PnW/rYVTyGE=",
      "dev": true
    },
    "is-args": {
      "version": "0.0.1",
      "resolved": "https://registry.npmjs.org/is-args/-/is-args-0.0.1.tgz",
      "integrity": "sha1-jKbjylV8OzazxiqhallTkYU4CxY=",
      "dev": true
    }
  }
}
